// !$*UTF8*$!
{
	archiveVersion = 1;
	classes = {
	};
	objectVersion = 46;
	objects = {

/* Begin PBXBuildFile section */
		3F1BDCDA1BED103A000219AD /* MainViewController.swift in Sources */ = {isa = PBXBuildFile; fileRef = 3F1BDCD91BED103A000219AD /* MainViewController.swift */; };
		3F1BDCDE1BED13C9000219AD /* SWRevealViewController.m in Sources */ = {isa = PBXBuildFile; fileRef = 3F1BDCDD1BED13C9000219AD /* SWRevealViewController.m */; };
		3F1BDCE11BED1826000219AD /* BackTableViewController.swift in Sources */ = {isa = PBXBuildFile; fileRef = 3F1BDCE01BED1826000219AD /* BackTableViewController.swift */; };
		3F1BDCE31BED1DA3000219AD /* MenuOptionCustomCell.swift in Sources */ = {isa = PBXBuildFile; fileRef = 3F1BDCE21BED1DA3000219AD /* MenuOptionCustomCell.swift */; };
		3F1BDCE51BED24B7000219AD /* GPAGuesserViewController.swift in Sources */ = {isa = PBXBuildFile; fileRef = 3F1BDCE41BED24B7000219AD /* GPAGuesserViewController.swift */; };
		3F9133131BDE790A00C2E690 /* AppDelegate.swift in Sources */ = {isa = PBXBuildFile; fileRef = 3F9133121BDE790A00C2E690 /* AppDelegate.swift */; };
		3F9133151BDE790A00C2E690 /* ViewController.swift in Sources */ = {isa = PBXBuildFile; fileRef = 3F9133141BDE790A00C2E690 /* ViewController.swift */; };
		3F9133181BDE790A00C2E690 /* Main.storyboard in Resources */ = {isa = PBXBuildFile; fileRef = 3F9133161BDE790A00C2E690 /* Main.storyboard */; };
		3F91331A1BDE790A00C2E690 /* Assets.xcassets in Resources */ = {isa = PBXBuildFile; fileRef = 3F9133191BDE790A00C2E690 /* Assets.xcassets */; };
		3F91331D1BDE790A00C2E690 /* LaunchScreen.storyboard in Resources */ = {isa = PBXBuildFile; fileRef = 3F91331B1BDE790A00C2E690 /* LaunchScreen.storyboard */; };
		3F9133251BDE79DD00C2E690 /* AudioToolbox.framework in Frameworks */ = {isa = PBXBuildFile; fileRef = 3F9133241BDE79DD00C2E690 /* AudioToolbox.framework */; };
		3F9133271BDE79E800C2E690 /* CFNetwork.framework in Frameworks */ = {isa = PBXBuildFile; fileRef = 3F9133261BDE79E800C2E690 /* CFNetwork.framework */; };
		3F9133291BDE79F200C2E690 /* CoreGraphics.framework in Frameworks */ = {isa = PBXBuildFile; fileRef = 3F9133281BDE79F200C2E690 /* CoreGraphics.framework */; };
		3F91332B1BDE79FA00C2E690 /* CoreLocation.framework in Frameworks */ = {isa = PBXBuildFile; fileRef = 3F91332A1BDE79FA00C2E690 /* CoreLocation.framework */; };
		3F91332D1BDE7A0300C2E690 /* QuartzCore.framework in Frameworks */ = {isa = PBXBuildFile; fileRef = 3F91332C1BDE7A0300C2E690 /* QuartzCore.framework */; };
		3F91332F1BDE7A0D00C2E690 /* Security.framework in Frameworks */ = {isa = PBXBuildFile; fileRef = 3F91332E1BDE7A0D00C2E690 /* Security.framework */; };
		3F9133311BDE7A1700C2E690 /* StoreKit.framework in Frameworks */ = {isa = PBXBuildFile; fileRef = 3F9133301BDE7A1700C2E690 /* StoreKit.framework */; };
		3F9133331BDE7A2200C2E690 /* SystemConfiguration.framework in Frameworks */ = {isa = PBXBuildFile; fileRef = 3F9133321BDE7A2200C2E690 /* SystemConfiguration.framework */; };
		3F9133351BDE7A2D00C2E690 /* libz.tbd in Frameworks */ = {isa = PBXBuildFile; fileRef = 3F9133341BDE7A2D00C2E690 /* libz.tbd */; };
		3F9133371BDE7A3B00C2E690 /* libsqlite3.tbd in Frameworks */ = {isa = PBXBuildFile; fileRef = 3F9133361BDE7A3B00C2E690 /* libsqlite3.tbd */; };
		3F9133391BDE7A4A00C2E690 /* Accounts.framework in Frameworks */ = {isa = PBXBuildFile; fileRef = 3F9133381BDE7A4A00C2E690 /* Accounts.framework */; };
		3F91333B1BDE7A5400C2E690 /* Social.framework in Frameworks */ = {isa = PBXBuildFile; fileRef = 3F91333A1BDE7A5400C2E690 /* Social.framework */; };
		3F9133441BDE7B3300C2E690 /* Bolts.framework in Frameworks */ = {isa = PBXBuildFile; fileRef = 3F91333D1BDE7B3300C2E690 /* Bolts.framework */; };
		3F9133451BDE7B3300C2E690 /* Parse.framework in Frameworks */ = {isa = PBXBuildFile; fileRef = 3F91333E1BDE7B3300C2E690 /* Parse.framework */; };
		3F9133461BDE7B3300C2E690 /* ParseCrashReporting.framework in Frameworks */ = {isa = PBXBuildFile; fileRef = 3F91333F1BDE7B3300C2E690 /* ParseCrashReporting.framework */; };
		3F9133471BDE7B3300C2E690 /* ParseFacebookUtils.framework in Frameworks */ = {isa = PBXBuildFile; fileRef = 3F9133401BDE7B3300C2E690 /* ParseFacebookUtils.framework */; };
		3F9133481BDE7B3300C2E690 /* ParseFacebookUtilsV4.framework in Frameworks */ = {isa = PBXBuildFile; fileRef = 3F9133411BDE7B3300C2E690 /* ParseFacebookUtilsV4.framework */; };
		3F9133491BDE7B3300C2E690 /* ParseTwitterUtils.framework in Frameworks */ = {isa = PBXBuildFile; fileRef = 3F9133421BDE7B3300C2E690 /* ParseTwitterUtils.framework */; };
		3F91334A1BDE7B3300C2E690 /* ParseUI.framework in Frameworks */ = {isa = PBXBuildFile; fileRef = 3F9133431BDE7B3300C2E690 /* ParseUI.framework */; };
		3FABEB651BFAA96D00A47219 /* Cancel-25.png in Resources */ = {isa = PBXBuildFile; fileRef = 3FABEB641BFAA96D00A47219 /* Cancel-25.png */; };
		3FCCD0571BFBB6D000E8A4BE /* Sample button.png in Resources */ = {isa = PBXBuildFile; fileRef = 3FCCD0561BFBB6D000E8A4BE /* Sample button.png */; };
		3FCCD0591BFBB91600E8A4BE /* Login_button.png in Resources */ = {isa = PBXBuildFile; fileRef = 3FCCD0581BFBB91600E8A4BE /* Login_button.png */; };
		3FCCD05B1BFBB97400E8A4BE /* century_tower_blurred.png in Resources */ = {isa = PBXBuildFile; fileRef = 3FCCD05A1BFBB97400E8A4BE /* century_tower_blurred.png */; };
		3FCCD05D1BFBBE3D00E8A4BE /* Generic_button.png in Resources */ = {isa = PBXBuildFile; fileRef = 3FCCD05C1BFBBE3D00E8A4BE /* Generic_button.png */; };
		3FCCD05F1BFBC34D00E8A4BE /* line.png in Resources */ = {isa = PBXBuildFile; fileRef = 3FCCD05E1BFBC34D00E8A4BE /* line.png */; };
		3FDC176A1BF7A10600791DF3 /* StartUpViewController.swift in Sources */ = {isa = PBXBuildFile; fileRef = 3FDC17691BF7A10600791DF3 /* StartUpViewController.swift */; };
		3FDC176C1BF7A6DE00791DF3 /* Main Page.png in Resources */ = {isa = PBXBuildFile; fileRef = 3FDC176B1BF7A6DE00791DF3 /* Main Page.png */; };
		3FDC176F1BF7AE0800791DF3 /* Lock Filled-25.png in Resources */ = {isa = PBXBuildFile; fileRef = 3FDC176D1BF7AE0800791DF3 /* Lock Filled-25.png */; };
		3FDC17701BF7AE0800791DF3 /* User Male Filled-25.png in Resources */ = {isa = PBXBuildFile; fileRef = 3FDC176E1BF7AE0800791DF3 /* User Male Filled-25.png */; };
		3FDC17721BF7AE0F00791DF3 /* Login background.png in Resources */ = {isa = PBXBuildFile; fileRef = 3FDC17711BF7AE0F00791DF3 /* Login background.png */; };
		3FDC17771BF7AEEC00791DF3 /* SignIn_bg.png in Resources */ = {isa = PBXBuildFile; fileRef = 3FDC17741BF7AEEC00791DF3 /* SignIn_bg.png */; };
		3FDC17781BF7AEEC00791DF3 /* SignIn_button.png in Resources */ = {isa = PBXBuildFile; fileRef = 3FDC17751BF7AEEC00791DF3 /* SignIn_button.png */; };
		3FDC17791BF7AEEC00791DF3 /* SignUp_button.png in Resources */ = {isa = PBXBuildFile; fileRef = 3FDC17761BF7AEEC00791DF3 /* SignUp_button.png */; };
		3FDC177B1BF7AF6E00791DF3 /* GatorAidLogo.png in Resources */ = {isa = PBXBuildFile; fileRef = 3FDC177A1BF7AF6E00791DF3 /* GatorAidLogo.png */; };
		3FDC177E1BF7B6B400791DF3 /* Password.png in Resources */ = {isa = PBXBuildFile; fileRef = 3FDC177C1BF7B6B400791DF3 /* Password.png */; };
		3FDC177F1BF7B6B400791DF3 /* Username.png in Resources */ = {isa = PBXBuildFile; fileRef = 3FDC177D1BF7B6B400791DF3 /* Username.png */; };
		3FE1B83F1BF50496001FA2DB /* Menu 2-26.png in Resources */ = {isa = PBXBuildFile; fileRef = 3FE1B83D1BF50496001FA2DB /* Menu 2-26.png */; };
		3FE1B8401BF50496001FA2DB /* Menu-25.png in Resources */ = {isa = PBXBuildFile; fileRef = 3FE1B83E1BF50496001FA2DB /* Menu-25.png */; };
		83551C871C037620000BA1E8 /* GPATrackViewController.swift in Sources */ = {isa = PBXBuildFile; fileRef = 83551C861C037620000BA1E8 /* GPATrackViewController.swift */; };
		83551C891C03763E000BA1E8 /* courseTrackViewController.swift in Sources */ = {isa = PBXBuildFile; fileRef = 83551C881C03763E000BA1E8 /* courseTrackViewController.swift */; };
		83FF9E381BF464AF00B4C5AD /* signUpViewController.swift in Sources */ = {isa = PBXBuildFile; fileRef = 83FF9E371BF464AF00B4C5AD /* signUpViewController.swift */; };
		83FF9E3A1BF4651B00B4C5AD /* signInViewController.swift in Sources */ = {isa = PBXBuildFile; fileRef = 83FF9E391BF4651B00B4C5AD /* signInViewController.swift */; };
		83FF9E3C1BF4655300B4C5AD /* myAdvisorViewController.swift in Sources */ = {isa = PBXBuildFile; fileRef = 83FF9E3B1BF4655300B4C5AD /* myAdvisorViewController.swift */; };
/* End PBXBuildFile section */

/* Begin PBXFileReference section */
		3F1BDCD91BED103A000219AD /* MainViewController.swift */ = {isa = PBXFileReference; fileEncoding = 4; lastKnownFileType = sourcecode.swift; path = MainViewController.swift; sourceTree = "<group>"; };
		3F1BDCDB1BED13C9000219AD /* GatorAid-Bridging-header.h */ = {isa = PBXFileReference; fileEncoding = 4; lastKnownFileType = sourcecode.c.h; name = "GatorAid-Bridging-header.h"; path = "SWRevealViewController/GatorAid-Bridging-header.h"; sourceTree = "<group>"; };
		3F1BDCDC1BED13C9000219AD /* SWRevealViewController.h */ = {isa = PBXFileReference; fileEncoding = 4; lastKnownFileType = sourcecode.c.h; name = SWRevealViewController.h; path = SWRevealViewController/SWRevealViewController.h; sourceTree = "<group>"; };
		3F1BDCDD1BED13C9000219AD /* SWRevealViewController.m */ = {isa = PBXFileReference; fileEncoding = 4; lastKnownFileType = sourcecode.c.objc; name = SWRevealViewController.m; path = SWRevealViewController/SWRevealViewController.m; sourceTree = "<group>"; };
		3F1BDCE01BED1826000219AD /* BackTableViewController.swift */ = {isa = PBXFileReference; fileEncoding = 4; lastKnownFileType = sourcecode.swift; path = BackTableViewController.swift; sourceTree = "<group>"; };
		3F1BDCE21BED1DA3000219AD /* MenuOptionCustomCell.swift */ = {isa = PBXFileReference; fileEncoding = 4; lastKnownFileType = sourcecode.swift; path = MenuOptionCustomCell.swift; sourceTree = "<group>"; };
		3F1BDCE41BED24B7000219AD /* GPAGuesserViewController.swift */ = {isa = PBXFileReference; fileEncoding = 4; lastKnownFileType = sourcecode.swift; path = GPAGuesserViewController.swift; sourceTree = "<group>"; };
		3F91330F1BDE790A00C2E690 /* Gator Aid.app */ = {isa = PBXFileReference; explicitFileType = wrapper.application; includeInIndex = 0; path = "Gator Aid.app"; sourceTree = BUILT_PRODUCTS_DIR; };
		3F9133121BDE790A00C2E690 /* AppDelegate.swift */ = {isa = PBXFileReference; lastKnownFileType = sourcecode.swift; path = AppDelegate.swift; sourceTree = "<group>"; };
		3F9133141BDE790A00C2E690 /* ViewController.swift */ = {isa = PBXFileReference; lastKnownFileType = sourcecode.swift; path = ViewController.swift; sourceTree = "<group>"; };
		3F9133171BDE790A00C2E690 /* Base */ = {isa = PBXFileReference; lastKnownFileType = file.storyboard; name = Base; path = Base.lproj/Main.storyboard; sourceTree = "<group>"; };
		3F9133191BDE790A00C2E690 /* Assets.xcassets */ = {isa = PBXFileReference; lastKnownFileType = folder.assetcatalog; path = Assets.xcassets; sourceTree = "<group>"; };
		3F91331C1BDE790A00C2E690 /* Base */ = {isa = PBXFileReference; lastKnownFileType = file.storyboard; name = Base; path = Base.lproj/LaunchScreen.storyboard; sourceTree = "<group>"; };
		3F91331E1BDE790A00C2E690 /* Info.plist */ = {isa = PBXFileReference; lastKnownFileType = text.plist.xml; path = Info.plist; sourceTree = "<group>"; };
		3F9133241BDE79DD00C2E690 /* AudioToolbox.framework */ = {isa = PBXFileReference; lastKnownFileType = wrapper.framework; name = AudioToolbox.framework; path = System/Library/Frameworks/AudioToolbox.framework; sourceTree = SDKROOT; };
		3F9133261BDE79E800C2E690 /* CFNetwork.framework */ = {isa = PBXFileReference; lastKnownFileType = wrapper.framework; name = CFNetwork.framework; path = System/Library/Frameworks/CFNetwork.framework; sourceTree = SDKROOT; };
		3F9133281BDE79F200C2E690 /* CoreGraphics.framework */ = {isa = PBXFileReference; lastKnownFileType = wrapper.framework; name = CoreGraphics.framework; path = System/Library/Frameworks/CoreGraphics.framework; sourceTree = SDKROOT; };
		3F91332A1BDE79FA00C2E690 /* CoreLocation.framework */ = {isa = PBXFileReference; lastKnownFileType = wrapper.framework; name = CoreLocation.framework; path = System/Library/Frameworks/CoreLocation.framework; sourceTree = SDKROOT; };
		3F91332C1BDE7A0300C2E690 /* QuartzCore.framework */ = {isa = PBXFileReference; lastKnownFileType = wrapper.framework; name = QuartzCore.framework; path = System/Library/Frameworks/QuartzCore.framework; sourceTree = SDKROOT; };
		3F91332E1BDE7A0D00C2E690 /* Security.framework */ = {isa = PBXFileReference; lastKnownFileType = wrapper.framework; name = Security.framework; path = System/Library/Frameworks/Security.framework; sourceTree = SDKROOT; };
		3F9133301BDE7A1700C2E690 /* StoreKit.framework */ = {isa = PBXFileReference; lastKnownFileType = wrapper.framework; name = StoreKit.framework; path = System/Library/Frameworks/StoreKit.framework; sourceTree = SDKROOT; };
		3F9133321BDE7A2200C2E690 /* SystemConfiguration.framework */ = {isa = PBXFileReference; lastKnownFileType = wrapper.framework; name = SystemConfiguration.framework; path = System/Library/Frameworks/SystemConfiguration.framework; sourceTree = SDKROOT; };
		3F9133341BDE7A2D00C2E690 /* libz.tbd */ = {isa = PBXFileReference; lastKnownFileType = "sourcecode.text-based-dylib-definition"; name = libz.tbd; path = usr/lib/libz.tbd; sourceTree = SDKROOT; };
		3F9133361BDE7A3B00C2E690 /* libsqlite3.tbd */ = {isa = PBXFileReference; lastKnownFileType = "sourcecode.text-based-dylib-definition"; name = libsqlite3.tbd; path = usr/lib/libsqlite3.tbd; sourceTree = SDKROOT; };
		3F9133381BDE7A4A00C2E690 /* Accounts.framework */ = {isa = PBXFileReference; lastKnownFileType = wrapper.framework; name = Accounts.framework; path = System/Library/Frameworks/Accounts.framework; sourceTree = SDKROOT; };
		3F91333A1BDE7A5400C2E690 /* Social.framework */ = {isa = PBXFileReference; lastKnownFileType = wrapper.framework; name = Social.framework; path = System/Library/Frameworks/Social.framework; sourceTree = SDKROOT; };
		3F91333D1BDE7B3300C2E690 /* Bolts.framework */ = {isa = PBXFileReference; lastKnownFileType = wrapper.framework; path = Bolts.framework; sourceTree = "<group>"; };
		3F91333E1BDE7B3300C2E690 /* Parse.framework */ = {isa = PBXFileReference; lastKnownFileType = wrapper.framework; path = Parse.framework; sourceTree = "<group>"; };
		3F91333F1BDE7B3300C2E690 /* ParseCrashReporting.framework */ = {isa = PBXFileReference; lastKnownFileType = wrapper.framework; path = ParseCrashReporting.framework; sourceTree = "<group>"; };
		3F9133401BDE7B3300C2E690 /* ParseFacebookUtils.framework */ = {isa = PBXFileReference; lastKnownFileType = wrapper.framework; path = ParseFacebookUtils.framework; sourceTree = "<group>"; };
		3F9133411BDE7B3300C2E690 /* ParseFacebookUtilsV4.framework */ = {isa = PBXFileReference; lastKnownFileType = wrapper.framework; path = ParseFacebookUtilsV4.framework; sourceTree = "<group>"; };
		3F9133421BDE7B3300C2E690 /* ParseTwitterUtils.framework */ = {isa = PBXFileReference; lastKnownFileType = wrapper.framework; path = ParseTwitterUtils.framework; sourceTree = "<group>"; };
		3F9133431BDE7B3300C2E690 /* ParseUI.framework */ = {isa = PBXFileReference; lastKnownFileType = wrapper.framework; path = ParseUI.framework; sourceTree = "<group>"; };
		3FABEB641BFAA96D00A47219 /* Cancel-25.png */ = {isa = PBXFileReference; lastKnownFileType = image.png; path = "Cancel-25.png"; sourceTree = "<group>"; };
		3FCCD0561BFBB6D000E8A4BE /* Sample button.png */ = {isa = PBXFileReference; lastKnownFileType = image.png; path = "Sample button.png"; sourceTree = "<group>"; };
		3FCCD0581BFBB91600E8A4BE /* Login_button.png */ = {isa = PBXFileReference; lastKnownFileType = image.png; path = Login_button.png; sourceTree = "<group>"; };
		3FCCD05A1BFBB97400E8A4BE /* century_tower_blurred.png */ = {isa = PBXFileReference; lastKnownFileType = image.png; path = century_tower_blurred.png; sourceTree = "<group>"; };
		3FCCD05C1BFBBE3D00E8A4BE /* Generic_button.png */ = {isa = PBXFileReference; lastKnownFileType = image.png; path = Generic_button.png; sourceTree = "<group>"; };
		3FCCD05E1BFBC34D00E8A4BE /* line.png */ = {isa = PBXFileReference; lastKnownFileType = image.png; path = line.png; sourceTree = "<group>"; };
		3FDC17691BF7A10600791DF3 /* StartUpViewController.swift */ = {isa = PBXFileReference; fileEncoding = 4; lastKnownFileType = sourcecode.swift; path = StartUpViewController.swift; sourceTree = "<group>"; };
		3FDC176B1BF7A6DE00791DF3 /* Main Page.png */ = {isa = PBXFileReference; lastKnownFileType = image.png; path = "Main Page.png"; sourceTree = "<group>"; };
		3FDC176D1BF7AE0800791DF3 /* Lock Filled-25.png */ = {isa = PBXFileReference; lastKnownFileType = image.png; path = "Lock Filled-25.png"; sourceTree = "<group>"; };
		3FDC176E1BF7AE0800791DF3 /* User Male Filled-25.png */ = {isa = PBXFileReference; lastKnownFileType = image.png; path = "User Male Filled-25.png"; sourceTree = "<group>"; };
		3FDC17711BF7AE0F00791DF3 /* Login background.png */ = {isa = PBXFileReference; lastKnownFileType = image.png; path = "Login background.png"; sourceTree = "<group>"; };
		3FDC17741BF7AEEC00791DF3 /* SignIn_bg.png */ = {isa = PBXFileReference; lastKnownFileType = image.png; path = SignIn_bg.png; sourceTree = "<group>"; };
		3FDC17751BF7AEEC00791DF3 /* SignIn_button.png */ = {isa = PBXFileReference; lastKnownFileType = image.png; path = SignIn_button.png; sourceTree = "<group>"; };
		3FDC17761BF7AEEC00791DF3 /* SignUp_button.png */ = {isa = PBXFileReference; lastKnownFileType = image.png; path = SignUp_button.png; sourceTree = "<group>"; };
		3FDC177A1BF7AF6E00791DF3 /* GatorAidLogo.png */ = {isa = PBXFileReference; lastKnownFileType = image.png; path = GatorAidLogo.png; sourceTree = "<group>"; };
		3FDC177C1BF7B6B400791DF3 /* Password.png */ = {isa = PBXFileReference; lastKnownFileType = image.png; path = Password.png; sourceTree = "<group>"; };
		3FDC177D1BF7B6B400791DF3 /* Username.png */ = {isa = PBXFileReference; lastKnownFileType = image.png; path = Username.png; sourceTree = "<group>"; };
		3FE1B83D1BF50496001FA2DB /* Menu 2-26.png */ = {isa = PBXFileReference; lastKnownFileType = image.png; path = "Menu 2-26.png"; sourceTree = "<group>"; };
		3FE1B83E1BF50496001FA2DB /* Menu-25.png */ = {isa = PBXFileReference; lastKnownFileType = image.png; path = "Menu-25.png"; sourceTree = "<group>"; };
		83551C861C037620000BA1E8 /* GPATrackViewController.swift */ = {isa = PBXFileReference; fileEncoding = 4; lastKnownFileType = sourcecode.swift; path = GPATrackViewController.swift; sourceTree = "<group>"; };
		83551C881C03763E000BA1E8 /* courseTrackViewController.swift */ = {isa = PBXFileReference; fileEncoding = 4; lastKnownFileType = sourcecode.swift; path = courseTrackViewController.swift; sourceTree = "<group>"; };
		83FF9E371BF464AF00B4C5AD /* signUpViewController.swift */ = {isa = PBXFileReference; fileEncoding = 4; lastKnownFileType = sourcecode.swift; path = signUpViewController.swift; sourceTree = "<group>"; };
		83FF9E391BF4651B00B4C5AD /* signInViewController.swift */ = {isa = PBXFileReference; fileEncoding = 4; lastKnownFileType = sourcecode.swift; path = signInViewController.swift; sourceTree = "<group>"; };
		83FF9E3B1BF4655300B4C5AD /* myAdvisorViewController.swift */ = {isa = PBXFileReference; fileEncoding = 4; lastKnownFileType = sourcecode.swift; path = myAdvisorViewController.swift; sourceTree = "<group>"; };
/* End PBXFileReference section */

/* Begin PBXFrameworksBuildPhase section */
		3F91330C1BDE790A00C2E690 /* Frameworks */ = {
			isa = PBXFrameworksBuildPhase;
			buildActionMask = 2147483647;
			files = (
				3F91333B1BDE7A5400C2E690 /* Social.framework in Frameworks */,
				3F9133461BDE7B3300C2E690 /* ParseCrashReporting.framework in Frameworks */,
				3F9133391BDE7A4A00C2E690 /* Accounts.framework in Frameworks */,
				3F9133371BDE7A3B00C2E690 /* libsqlite3.tbd in Frameworks */,
				3F9133491BDE7B3300C2E690 /* ParseTwitterUtils.framework in Frameworks */,
				3F9133351BDE7A2D00C2E690 /* libz.tbd in Frameworks */,
				3F9133331BDE7A2200C2E690 /* SystemConfiguration.framework in Frameworks */,
				3F9133311BDE7A1700C2E690 /* StoreKit.framework in Frameworks */,
				3F91332F1BDE7A0D00C2E690 /* Security.framework in Frameworks */,
				3F9133441BDE7B3300C2E690 /* Bolts.framework in Frameworks */,
				3F91334A1BDE7B3300C2E690 /* ParseUI.framework in Frameworks */,
				3F91332D1BDE7A0300C2E690 /* QuartzCore.framework in Frameworks */,
				3F91332B1BDE79FA00C2E690 /* CoreLocation.framework in Frameworks */,
				3F9133451BDE7B3300C2E690 /* Parse.framework in Frameworks */,
				3F9133291BDE79F200C2E690 /* CoreGraphics.framework in Frameworks */,
				3F9133271BDE79E800C2E690 /* CFNetwork.framework in Frameworks */,
				3F9133481BDE7B3300C2E690 /* ParseFacebookUtilsV4.framework in Frameworks */,
				3F9133471BDE7B3300C2E690 /* ParseFacebookUtils.framework in Frameworks */,
				3F9133251BDE79DD00C2E690 /* AudioToolbox.framework in Frameworks */,
			);
			runOnlyForDeploymentPostprocessing = 0;
		};
/* End PBXFrameworksBuildPhase section */

/* Begin PBXGroup section */
		3F1BDCDF1BED141C000219AD /* Supporting Files */ = {
			isa = PBXGroup;
			children = (
				3F1BDCDB1BED13C9000219AD /* GatorAid-Bridging-header.h */,
				3F1BDCDC1BED13C9000219AD /* SWRevealViewController.h */,
				3F1BDCDD1BED13C9000219AD /* SWRevealViewController.m */,
			);
			name = "Supporting Files";
			sourceTree = "<group>";
		};
		3F9133061BDE790A00C2E690 = {
			isa = PBXGroup;
			children = (
				3F91333C1BDE7A7000C2E690 /* Frameworks */,
				3F9133111BDE790A00C2E690 /* Gator Aid */,
				3F9133101BDE790A00C2E690 /* Products */,
			);
			sourceTree = "<group>";
		};
		3F9133101BDE790A00C2E690 /* Products */ = {
			isa = PBXGroup;
			children = (
				3F91330F1BDE790A00C2E690 /* Gator Aid.app */,
			);
			name = Products;
			sourceTree = "<group>";
		};
		3F9133111BDE790A00C2E690 /* Gator Aid */ = {
			isa = PBXGroup;
			children = (
				3F9133121BDE790A00C2E690 /* AppDelegate.swift */,
				3F9133141BDE790A00C2E690 /* ViewController.swift */,
				3F9133161BDE790A00C2E690 /* Main.storyboard */,
				83551C881C03763E000BA1E8 /* courseTrackViewController.swift */,
				83551C861C037620000BA1E8 /* GPATrackViewController.swift */,
				3FDC17691BF7A10600791DF3 /* StartUpViewController.swift */,
				3F1BDCE41BED24B7000219AD /* GPAGuesserViewController.swift */,
				83FF9E371BF464AF00B4C5AD /* signUpViewController.swift */,
				83FF9E3B1BF4655300B4C5AD /* myAdvisorViewController.swift */,
				3FDC17731BF7AE2B00791DF3 /* icons */,
				83FF9E391BF4651B00B4C5AD /* signInViewController.swift */,
				3F1BDCE21BED1DA3000219AD /* MenuOptionCustomCell.swift */,
				3F1BDCE01BED1826000219AD /* BackTableViewController.swift */,
				3F9133191BDE790A00C2E690 /* Assets.xcassets */,
				3F91331B1BDE790A00C2E690 /* LaunchScreen.storyboard */,
				3F1BDCDF1BED141C000219AD /* Supporting Files */,
				3F91331E1BDE790A00C2E690 /* Info.plist */,
				3F1BDCD91BED103A000219AD /* MainViewController.swift */,
			);
			path = "Gator Aid";
			sourceTree = "<group>";
		};
		3F91333C1BDE7A7000C2E690 /* Frameworks */ = {
			isa = PBXGroup;
			children = (
				3F91333A1BDE7A5400C2E690 /* Social.framework */,
				3F9133381BDE7A4A00C2E690 /* Accounts.framework */,
				3F9133361BDE7A3B00C2E690 /* libsqlite3.tbd */,
				3F91333D1BDE7B3300C2E690 /* Bolts.framework */,
				3F91333E1BDE7B3300C2E690 /* Parse.framework */,
				3F91333F1BDE7B3300C2E690 /* ParseCrashReporting.framework */,
				3F9133401BDE7B3300C2E690 /* ParseFacebookUtils.framework */,
				3F9133411BDE7B3300C2E690 /* ParseFacebookUtilsV4.framework */,
				3F9133421BDE7B3300C2E690 /* ParseTwitterUtils.framework */,
				3F9133431BDE7B3300C2E690 /* ParseUI.framework */,
				3F9133341BDE7A2D00C2E690 /* libz.tbd */,
				3F9133321BDE7A2200C2E690 /* SystemConfiguration.framework */,
				3F9133301BDE7A1700C2E690 /* StoreKit.framework */,
				3F91332E1BDE7A0D00C2E690 /* Security.framework */,
				3F91332C1BDE7A0300C2E690 /* QuartzCore.framework */,
				3F91332A1BDE79FA00C2E690 /* CoreLocation.framework */,
				3F9133281BDE79F200C2E690 /* CoreGraphics.framework */,
				3F9133261BDE79E800C2E690 /* CFNetwork.framework */,
				3F9133241BDE79DD00C2E690 /* AudioToolbox.framework */,
			);
			name = Frameworks;
			sourceTree = "<group>";
		};
		3FDC17731BF7AE2B00791DF3 /* icons */ = {
			isa = PBXGroup;
			children = (
				3FCCD05E1BFBC34D00E8A4BE /* line.png */,
				3FCCD0561BFBB6D000E8A4BE /* Sample button.png */,
				3FDC176D1BF7AE0800791DF3 /* Lock Filled-25.png */,
				3FCCD0581BFBB91600E8A4BE /* Login_button.png */,
				3FCCD05C1BFBBE3D00E8A4BE /* Generic_button.png */,
				3FCCD05A1BFBB97400E8A4BE /* century_tower_blurred.png */,
				3FDC177C1BF7B6B400791DF3 /* Password.png */,
				3FDC177D1BF7B6B400791DF3 /* Username.png */,
				3FDC176E1BF7AE0800791DF3 /* User Male Filled-25.png */,
				3FDC17741BF7AEEC00791DF3 /* SignIn_bg.png */,
				3FABEB641BFAA96D00A47219 /* Cancel-25.png */,
				3FDC177A1BF7AF6E00791DF3 /* GatorAidLogo.png */,
				3FDC17751BF7AEEC00791DF3 /* SignIn_button.png */,
				3FDC17761BF7AEEC00791DF3 /* SignUp_button.png */,
				3FDC17711BF7AE0F00791DF3 /* Login background.png */,
				3FDC176B1BF7A6DE00791DF3 /* Main Page.png */,
				3FE1B83D1BF50496001FA2DB /* Menu 2-26.png */,
				3FE1B83E1BF50496001FA2DB /* Menu-25.png */,
			);
			name = icons;
			sourceTree = "<group>";
		};
/* End PBXGroup section */

/* Begin PBXNativeTarget section */
		3F91330E1BDE790A00C2E690 /* Gator Aid */ = {
			isa = PBXNativeTarget;
			buildConfigurationList = 3F9133211BDE790A00C2E690 /* Build configuration list for PBXNativeTarget "Gator Aid" */;
			buildPhases = (
				3F91330B1BDE790A00C2E690 /* Sources */,
				3F91330C1BDE790A00C2E690 /* Frameworks */,
				3F91330D1BDE790A00C2E690 /* Resources */,
			);
			buildRules = (
			);
			dependencies = (
			);
			name = "Gator Aid";
			productName = "Gator Aid";
			productReference = 3F91330F1BDE790A00C2E690 /* Gator Aid.app */;
			productType = "com.apple.product-type.application";
		};
/* End PBXNativeTarget section */

/* Begin PBXProject section */
		3F9133071BDE790A00C2E690 /* Project object */ = {
			isa = PBXProject;
			attributes = {
				LastUpgradeCheck = 0700;
				ORGANIZATIONNAME = "Kinderley Charles";
				TargetAttributes = {
					3F91330E1BDE790A00C2E690 = {
						CreatedOnToolsVersion = 7.0;
						DevelopmentTeam = SK8C9AY6AE;
					};
				};
			};
			buildConfigurationList = 3F91330A1BDE790A00C2E690 /* Build configuration list for PBXProject "Gator Aid" */;
			compatibilityVersion = "Xcode 3.2";
			developmentRegion = English;
			hasScannedForEncodings = 0;
			knownRegions = (
				en,
				Base,
			);
			mainGroup = 3F9133061BDE790A00C2E690;
			productRefGroup = 3F9133101BDE790A00C2E690 /* Products */;
			projectDirPath = "";
			projectRoot = "";
			targets = (
				3F91330E1BDE790A00C2E690 /* Gator Aid */,
			);
		};
/* End PBXProject section */

/* Begin PBXResourcesBuildPhase section */
		3F91330D1BDE790A00C2E690 /* Resources */ = {
			isa = PBXResourcesBuildPhase;
			buildActionMask = 2147483647;
			files = (
				3FDC17781BF7AEEC00791DF3 /* SignIn_button.png in Resources */,
				3FDC17721BF7AE0F00791DF3 /* Login background.png in Resources */,
				3FE1B83F1BF50496001FA2DB /* Menu 2-26.png in Resources */,
				3FCCD0591BFBB91600E8A4BE /* Login_button.png in Resources */,
				3F91331D1BDE790A00C2E690 /* LaunchScreen.storyboard in Resources */,
				3FE1B8401BF50496001FA2DB /* Menu-25.png in Resources */,
				3FDC17791BF7AEEC00791DF3 /* SignUp_button.png in Resources */,
				3FDC177E1BF7B6B400791DF3 /* Password.png in Resources */,
				3FCCD05F1BFBC34D00E8A4BE /* line.png in Resources */,
				3FCCD0571BFBB6D000E8A4BE /* Sample button.png in Resources */,
				3FDC17771BF7AEEC00791DF3 /* SignIn_bg.png in Resources */,
				3FDC177B1BF7AF6E00791DF3 /* GatorAidLogo.png in Resources */,
				3F91331A1BDE790A00C2E690 /* Assets.xcassets in Resources */,
				3FABEB651BFAA96D00A47219 /* Cancel-25.png in Resources */,
				3FDC17701BF7AE0800791DF3 /* User Male Filled-25.png in Resources */,
				3FDC176C1BF7A6DE00791DF3 /* Main Page.png in Resources */,
				3F9133181BDE790A00C2E690 /* Main.storyboard in Resources */,
				3FDC176F1BF7AE0800791DF3 /* Lock Filled-25.png in Resources */,
				3FCCD05D1BFBBE3D00E8A4BE /* Generic_button.png in Resources */,
				3FDC177F1BF7B6B400791DF3 /* Username.png in Resources */,
				3FCCD05B1BFBB97400E8A4BE /* century_tower_blurred.png in Resources */,
			);
			runOnlyForDeploymentPostprocessing = 0;
		};
/* End PBXResourcesBuildPhase section */

/* Begin PBXSourcesBuildPhase section */
		3F91330B1BDE790A00C2E690 /* Sources */ = {
			isa = PBXSourcesBuildPhase;
			buildActionMask = 2147483647;
			files = (
				3F1BDCE31BED1DA3000219AD /* MenuOptionCustomCell.swift in Sources */,
				3F1BDCE11BED1826000219AD /* BackTableViewController.swift in Sources */,
				83FF9E381BF464AF00B4C5AD /* signUpViewController.swift in Sources */,
				3F1BDCE51BED24B7000219AD /* GPAGuesserViewController.swift in Sources */,
				3FDC176A1BF7A10600791DF3 /* StartUpViewController.swift in Sources */,
				3F1BDCDA1BED103A000219AD /* MainViewController.swift in Sources */,
				83551C891C03763E000BA1E8 /* courseTrackViewController.swift in Sources */,
				3F9133151BDE790A00C2E690 /* ViewController.swift in Sources */,
				83551C871C037620000BA1E8 /* GPATrackViewController.swift in Sources */,
				3F9133131BDE790A00C2E690 /* AppDelegate.swift in Sources */,
				83FF9E3A1BF4651B00B4C5AD /* signInViewController.swift in Sources */,
				3F1BDCDE1BED13C9000219AD /* SWRevealViewController.m in Sources */,
				83FF9E3C1BF4655300B4C5AD /* myAdvisorViewController.swift in Sources */,
			);
			runOnlyForDeploymentPostprocessing = 0;
		};
/* End PBXSourcesBuildPhase section */

/* Begin PBXVariantGroup section */
		3F9133161BDE790A00C2E690 /* Main.storyboard */ = {
			isa = PBXVariantGroup;
			children = (
				3F9133171BDE790A00C2E690 /* Base */,
			);
			name = Main.storyboard;
			sourceTree = "<group>";
		};
		3F91331B1BDE790A00C2E690 /* LaunchScreen.storyboard */ = {
			isa = PBXVariantGroup;
			children = (
				3F91331C1BDE790A00C2E690 /* Base */,
			);
			name = LaunchScreen.storyboard;
			sourceTree = "<group>";
		};
/* End PBXVariantGroup section */

/* Begin XCBuildConfiguration section */
		3F91331F1BDE790A00C2E690 /* Debug */ = {
			isa = XCBuildConfiguration;
			buildSettings = {
				ALWAYS_SEARCH_USER_PATHS = NO;
				CLANG_CXX_LANGUAGE_STANDARD = "gnu++0x";
				CLANG_CXX_LIBRARY = "libc++";
				CLANG_ENABLE_MODULES = YES;
				CLANG_ENABLE_OBJC_ARC = YES;
				CLANG_WARN_BOOL_CONVERSION = YES;
				CLANG_WARN_CONSTANT_CONVERSION = YES;
				CLANG_WARN_DIRECT_OBJC_ISA_USAGE = YES_ERROR;
				CLANG_WARN_EMPTY_BODY = YES;
				CLANG_WARN_ENUM_CONVERSION = YES;
				CLANG_WARN_INT_CONVERSION = YES;
				CLANG_WARN_OBJC_ROOT_CLASS = YES_ERROR;
				CLANG_WARN_UNREACHABLE_CODE = YES;
				CLANG_WARN__DUPLICATE_METHOD_MATCH = YES;
				"CODE_SIGN_IDENTITY[sdk=iphoneos*]" = "iPhone Developer";
				COPY_PHASE_STRIP = NO;
				DEBUG_INFORMATION_FORMAT = dwarf;
				ENABLE_STRICT_OBJC_MSGSEND = YES;
				ENABLE_TESTABILITY = YES;
				GCC_C_LANGUAGE_STANDARD = gnu99;
				GCC_DYNAMIC_NO_PIC = NO;
				GCC_NO_COMMON_BLOCKS = YES;
				GCC_OPTIMIZATION_LEVEL = 0;
				GCC_PREPROCESSOR_DEFINITIONS = (
					"DEBUG=1",
					"$(inherited)",
				);
				GCC_WARN_64_TO_32_BIT_CONVERSION = YES;
				GCC_WARN_ABOUT_RETURN_TYPE = YES_ERROR;
				GCC_WARN_UNDECLARED_SELECTOR = YES;
				GCC_WARN_UNINITIALIZED_AUTOS = YES_AGGRESSIVE;
				GCC_WARN_UNUSED_FUNCTION = YES;
				GCC_WARN_UNUSED_VARIABLE = YES;
				IPHONEOS_DEPLOYMENT_TARGET = 9.0;
				MTL_ENABLE_DEBUG_INFO = YES;
				ONLY_ACTIVE_ARCH = YES;
				SDKROOT = iphoneos;
				SWIFT_OPTIMIZATION_LEVEL = "-Onone";
			};
			name = Debug;
		};
		3F9133201BDE790A00C2E690 /* Release */ = {
			isa = XCBuildConfiguration;
			buildSettings = {
				ALWAYS_SEARCH_USER_PATHS = NO;
				CLANG_CXX_LANGUAGE_STANDARD = "gnu++0x";
				CLANG_CXX_LIBRARY = "libc++";
				CLANG_ENABLE_MODULES = YES;
				CLANG_ENABLE_OBJC_ARC = YES;
				CLANG_WARN_BOOL_CONVERSION = YES;
				CLANG_WARN_CONSTANT_CONVERSION = YES;
				CLANG_WARN_DIRECT_OBJC_ISA_USAGE = YES_ERROR;
				CLANG_WARN_EMPTY_BODY = YES;
				CLANG_WARN_ENUM_CONVERSION = YES;
				CLANG_WARN_INT_CONVERSION = YES;
				CLANG_WARN_OBJC_ROOT_CLASS = YES_ERROR;
				CLANG_WARN_UNREACHABLE_CODE = YES;
				CLANG_WARN__DUPLICATE_METHOD_MATCH = YES;
				"CODE_SIGN_IDENTITY[sdk=iphoneos*]" = "iPhone Developer";
				COPY_PHASE_STRIP = NO;
				DEBUG_INFORMATION_FORMAT = "dwarf-with-dsym";
				ENABLE_NS_ASSERTIONS = NO;
				ENABLE_STRICT_OBJC_MSGSEND = YES;
				GCC_C_LANGUAGE_STANDARD = gnu99;
				GCC_NO_COMMON_BLOCKS = YES;
				GCC_WARN_64_TO_32_BIT_CONVERSION = YES;
				GCC_WARN_ABOUT_RETURN_TYPE = YES_ERROR;
				GCC_WARN_UNDECLARED_SELECTOR = YES;
				GCC_WARN_UNINITIALIZED_AUTOS = YES_AGGRESSIVE;
				GCC_WARN_UNUSED_FUNCTION = YES;
				GCC_WARN_UNUSED_VARIABLE = YES;
				IPHONEOS_DEPLOYMENT_TARGET = 9.0;
				MTL_ENABLE_DEBUG_INFO = NO;
				SDKROOT = iphoneos;
				VALIDATE_PRODUCT = YES;
			};
			name = Release;
		};
		3F9133221BDE790A00C2E690 /* Debug */ = {
			isa = XCBuildConfiguration;
			buildSettings = {
				ASSETCATALOG_COMPILER_APPICON_NAME = AppIcon;
				FRAMEWORK_SEARCH_PATHS = (
					"$(inherited)",
					"$(PROJECT_DIR)",
				);
				INFOPLIST_FILE = "Gator Aid/Info.plist";
				LD_RUNPATH_SEARCH_PATHS = "$(inherited) @executable_path/Frameworks";
				PRODUCT_BUNDLE_IDENTIFIER = "k.charles.Gator-Aid";
				PRODUCT_NAME = "$(TARGET_NAME)";
			};
			name = Debug;
		};
		3F9133231BDE790A00C2E690 /* Release */ = {
			isa = XCBuildConfiguration;
			buildSettings = {
				ASSETCATALOG_COMPILER_APPICON_NAME = AppIcon;
				FRAMEWORK_SEARCH_PATHS = (
					"$(inherited)",
					"$(PROJECT_DIR)",
				);
				INFOPLIST_FILE = "Gator Aid/Info.plist";
				LD_RUNPATH_SEARCH_PATHS = "$(inherited) @executable_path/Frameworks";
				PRODUCT_BUNDLE_IDENTIFIER = "k.charles.Gator-Aid";
				PRODUCT_NAME = "$(TARGET_NAME)";
			};
			name = Release;
		};
/* End XCBuildConfiguration section */

/* Begin XCConfigurationList section */
		3F91330A1BDE790A00C2E690 /* Build configuration list for PBXProject "Gator Aid" */ = {
			isa = XCConfigurationList;
			buildConfigurations = (
				3F91331F1BDE790A00C2E690 /* Debug */,
				3F9133201BDE790A00C2E690 /* Release */,
			);
			defaultConfigurationIsVisible = 0;
			defaultConfigurationName = Release;
		};
		3F9133211BDE790A00C2E690 /* Build configuration list for PBXNativeTarget "Gator Aid" */ = {
			isa = XCConfigurationList;
			buildConfigurations = (
				3F9133221BDE790A00C2E690 /* Debug */,
				3F9133231BDE790A00C2E690 /* Release */,
			);
			defaultConfigurationIsVisible = 0;
			defaultConfigurationName = Release;
		};
/* End XCConfigurationList section */
	};
	rootObject = 3F9133071BDE790A00C2E690 /* Project object */;
}
